
Microsoft Visual Studio Solution File, Format Version 12.00
# Visual Studio Version 16
VisualStudioVersion = 16.0.30204.135
MinimumVisualStudioVersion = 10.0.40219.1
Project("{FAE04EC0-301F-11D3-BF4B-00C04F79EFBC}") = "Promotion Engine", "Promotion Engine.csproj", "{F03D44F3-662C-4BBB-98BF-C6A39F6708C9}"
EndProject
Global
	GlobalSection(SolutionConfigurationPlatforms) = preSolution
		Debug|Any CPU = Debug|Any CPU
		Release|Any CPU = Release|Any CPU
	EndGlobalSection
	GlobalSection(ProjectConfigurationPlatforms) = postSolution
		{F03D44F3-662C-4BBB-98BF-C6A39F6708C9}.Debug|Any CPU.ActiveCfg = Debug|Any CPU
		{F03D44F3-662C-4BBB-98BF-C6A39F6708C9}.Debug|Any CPU.Build.0 = Debug|Any CPU
		{F03D44F3-662C-4BBB-98BF-C6A39F6708C9}.Release|Any CPU.ActiveCfg = Release|Any CPU
		{F03D44F3-662C-4BBB-98BF-C6A39F6708C9}.Release|Any CPU.Build.0 = Release|Any CPU
	EndGlobalSection
	GlobalSection(SolutionProperties) = preSolution
		HideSolutionNode = FALSE
	EndGlobalSection
	GlobalSection(ExtensibilityGlobals) = postSolution
		SolutionGuid = {C73DAD6C-529B-454B-A203-239D60AF5EDD}
	EndGlobalSection
EndGlobal
